// !$*UTF8*$!
{
	archiveVersion = 1;
	classes = {
	};
	objectVersion = 46;
	objects = {

/* Begin PBXBuildFile section */
		4617F2601E90D00C005764C2 /* CoreText.framework in Frameworks */ = {isa = PBXBuildFile; fileRef = 4617F25F1E90D00C005764C2 /* CoreText.framework */; };
		4652CFB71E94ADAC0047566A /* LARPopView.m in Sources */ = {isa = PBXBuildFile; fileRef = 4652CFB61E94ADAC0047566A /* LARPopView.m */; };
		4652CFB91E94ADB30047566A /* LARPopView.xib in Resources */ = {isa = PBXBuildFile; fileRef = 4652CFB81E94ADB30047566A /* LARPopView.xib */; };
		4652CFBC1E94C1B40047566A /* LARPopConfig.m in Sources */ = {isa = PBXBuildFile; fileRef = 4652CFBB1E94C1B40047566A /* LARPopConfig.m */; };
		4652CFC21E9519940047566A /* LARNavigationController.m in Sources */ = {isa = PBXBuildFile; fileRef = 4652CFC11E9519940047566A /* LARNavigationController.m */; };
		46A019A91E922F080063C393 /* LARAllWords.m in Sources */ = {isa = PBXBuildFile; fileRef = 46A019A81E922F080063C393 /* LARAllWords.m */; };
		46A019AC1E922F320063C393 /* LARWord.m in Sources */ = {isa = PBXBuildFile; fileRef = 46A019AB1E922F320063C393 /* LARWord.m */; };
		46DE79751E9321FC0031CBC3 /* UIBarButtonItem+LARBarItem.m in Sources */ = {isa = PBXBuildFile; fileRef = 46DE79741E9321FC0031CBC3 /* UIBarButtonItem+LARBarItem.m */; };
		46DE79781E934AF50031CBC3 /* LARArticleWordInfo.m in Sources */ = {isa = PBXBuildFile; fileRef = 46DE79771E934AF50031CBC3 /* LARArticleWordInfo.m */; };
		46DE79811E938E060031CBC3 /* NSString+LARValidateEnglish.m in Sources */ = {isa = PBXBuildFile; fileRef = 46DE79801E938E060031CBC3 /* NSString+LARValidateEnglish.m */; };
		46F119351E8F49D8001CDE2B /* main.m in Sources */ = {isa = PBXBuildFile; fileRef = 46F119341E8F49D8001CDE2B /* main.m */; };
		46F119381E8F49D8001CDE2B /* AppDelegate.m in Sources */ = {isa = PBXBuildFile; fileRef = 46F119371E8F49D8001CDE2B /* AppDelegate.m */; };
		46F1193E1E8F49D8001CDE2B /* Main.storyboard in Resources */ = {isa = PBXBuildFile; fileRef = 46F1193C1E8F49D8001CDE2B /* Main.storyboard */; };
		46F119411E8F49D8001CDE2B /* ShanbayHomework.xcdatamodeld in Sources */ = {isa = PBXBuildFile; fileRef = 46F1193F1E8F49D8001CDE2B /* ShanbayHomework.xcdatamodeld */; };
		46F119431E8F49D8001CDE2B /* Assets.xcassets in Resources */ = {isa = PBXBuildFile; fileRef = 46F119421E8F49D8001CDE2B /* Assets.xcassets */; };
		46F119461E8F49D8001CDE2B /* LaunchScreen.storyboard in Resources */ = {isa = PBXBuildFile; fileRef = 46F119441E8F49D8001CDE2B /* LaunchScreen.storyboard */; };
		46F119521E8F52AE001CDE2B /* CoreData.framework in Frameworks */ = {isa = PBXBuildFile; fileRef = 46F119511E8F52AE001CDE2B /* CoreData.framework */; };
		46F119561E8F5733001CDE2B /* libsqlite3.tbd in Frameworks */ = {isa = PBXBuildFile; fileRef = 46F119551E8F5733001CDE2B /* libsqlite3.tbd */; };
		46F1195B1E8F62C9001CDE2B /* shanbay.sqlite in Resources */ = {isa = PBXBuildFile; fileRef = 46F1195A1E8F62C9001CDE2B /* shanbay.sqlite */; };
		46F119C31E8FB3E3001CDE2B /* LARArticleViewController.m in Sources */ = {isa = PBXBuildFile; fileRef = 46F1199E1E8FB3E3001CDE2B /* LARArticleViewController.m */; };
		46F119C51E8FB3E3001CDE2B /* ViewController.m in Sources */ = {isa = PBXBuildFile; fileRef = 46F119A51E8FB3E3001CDE2B /* ViewController.m */; };
		46F119C61E8FB3E3001CDE2B /* LARNewWordsViewController.m in Sources */ = {isa = PBXBuildFile; fileRef = 46F119AB1E8FB3E3001CDE2B /* LARNewWordsViewController.m */; };
		46F119C71E8FB3E3001CDE2B /* LARDBManager.m in Sources */ = {isa = PBXBuildFile; fileRef = 46F119B31E8FB3E3001CDE2B /* LARDBManager.m */; };
		46F119C81E8FB3E3001CDE2B /* LARArticle.m in Sources */ = {isa = PBXBuildFile; fileRef = 46F119B61E8FB3E3001CDE2B /* LARArticle.m */; };
		46F119C91E8FB3E3001CDE2B /* LARArticleCount.m in Sources */ = {isa = PBXBuildFile; fileRef = 46F119B81E8FB3E3001CDE2B /* LARArticleCount.m */; };
		46F119CA1E8FB3E3001CDE2B /* LARTabBarViewController.m in Sources */ = {isa = PBXBuildFile; fileRef = 46F119BB1E8FB3E3001CDE2B /* LARTabBarViewController.m */; };
		46F119CB1E8FB3E3001CDE2B /* LARTranslationViewController.m in Sources */ = {isa = PBXBuildFile; fileRef = 46F119BF1E8FB3E3001CDE2B /* LARTranslationViewController.m */; };
		46F119CF1E8FB47D001CDE2B /* LARCTFrameParserConfig.m in Sources */ = {isa = PBXBuildFile; fileRef = 46F119CE1E8FB47D001CDE2B /* LARCTFrameParserConfig.m */; };
		46F119D21E8FB4A3001CDE2B /* LARCTFrameParser.m in Sources */ = {isa = PBXBuildFile; fileRef = 46F119D11E8FB4A3001CDE2B /* LARCTFrameParser.m */; };
		46F119D51E8FB4B1001CDE2B /* LARCoreTextData.m in Sources */ = {isa = PBXBuildFile; fileRef = 46F119D41E8FB4B1001CDE2B /* LARCoreTextData.m */; };
		46F119D81E8FB4C1001CDE2B /* LARCTDisplayView.m in Sources */ = {isa = PBXBuildFile; fileRef = 46F119D71E8FB4C1001CDE2B /* LARCTDisplayView.m */; };
		46F119DD1E8FB560001CDE2B /* UIView+LARFrame.m in Sources */ = {isa = PBXBuildFile; fileRef = 46F119DC1E8FB560001CDE2B /* UIView+LARFrame.m */; };
/* End PBXBuildFile section */

/* Begin PBXFileReference section */
		4617F25F1E90D00C005764C2 /* CoreText.framework */ = {isa = PBXFileReference; lastKnownFileType = wrapper.framework; name = CoreText.framework; path = System/Library/Frameworks/CoreText.framework; sourceTree = SDKROOT; };
		4652CFB51E94ADAC0047566A /* LARPopView.h */ = {isa = PBXFileReference; fileEncoding = 4; lastKnownFileType = sourcecode.c.h; path = LARPopView.h; sourceTree = "<group>"; };
		4652CFB61E94ADAC0047566A /* LARPopView.m */ = {isa = PBXFileReference; fileEncoding = 4; lastKnownFileType = sourcecode.c.objc; path = LARPopView.m; sourceTree = "<group>"; };
		4652CFB81E94ADB30047566A /* LARPopView.xib */ = {isa = PBXFileReference; fileEncoding = 4; lastKnownFileType = file.xib; path = LARPopView.xib; sourceTree = "<group>"; };
		4652CFBA1E94C1B40047566A /* LARPopConfig.h */ = {isa = PBXFileReference; fileEncoding = 4; lastKnownFileType = sourcecode.c.h; path = LARPopConfig.h; sourceTree = "<group>"; };
		4652CFBB1E94C1B40047566A /* LARPopConfig.m */ = {isa = PBXFileReference; fileEncoding = 4; lastKnownFileType = sourcecode.c.objc; path = LARPopConfig.m; sourceTree = "<group>"; };
		4652CFC01E9519940047566A /* LARNavigationController.h */ = {isa = PBXFileReference; fileEncoding = 4; lastKnownFileType = sourcecode.c.h; path = LARNavigationController.h; sourceTree = "<group>"; };
		4652CFC11E9519940047566A /* LARNavigationController.m */ = {isa = PBXFileReference; fileEncoding = 4; lastKnownFileType = sourcecode.c.objc; path = LARNavigationController.m; sourceTree = "<group>"; };
		46A019A71E922F080063C393 /* LARAllWords.h */ = {isa = PBXFileReference; fileEncoding = 4; lastKnownFileType = sourcecode.c.h; path = LARAllWords.h; sourceTree = "<group>"; };
		46A019A81E922F080063C393 /* LARAllWords.m */ = {isa = PBXFileReference; fileEncoding = 4; lastKnownFileType = sourcecode.c.objc; path = LARAllWords.m; sourceTree = "<group>"; };
		46A019AA1E922F320063C393 /* LARWord.h */ = {isa = PBXFileReference; fileEncoding = 4; lastKnownFileType = sourcecode.c.h; path = LARWord.h; sourceTree = "<group>"; };
		46A019AB1E922F320063C393 /* LARWord.m */ = {isa = PBXFileReference; fileEncoding = 4; lastKnownFileType = sourcecode.c.objc; path = LARWord.m; sourceTree = "<group>"; };
		46DE79731E9321FC0031CBC3 /* UIBarButtonItem+LARBarItem.h */ = {isa = PBXFileReference; fileEncoding = 4; lastKnownFileType = sourcecode.c.h; path = "UIBarButtonItem+LARBarItem.h"; sourceTree = "<group>"; };
		46DE79741E9321FC0031CBC3 /* UIBarButtonItem+LARBarItem.m */ = {isa = PBXFileReference; fileEncoding = 4; lastKnownFileType = sourcecode.c.objc; path = "UIBarButtonItem+LARBarItem.m"; sourceTree = "<group>"; };
		46DE79761E934AF50031CBC3 /* LARArticleWordInfo.h */ = {isa = PBXFileReference; fileEncoding = 4; lastKnownFileType = sourcecode.c.h; path = LARArticleWordInfo.h; sourceTree = "<group>"; };
		46DE79771E934AF50031CBC3 /* LARArticleWordInfo.m */ = {isa = PBXFileReference; fileEncoding = 4; lastKnownFileType = sourcecode.c.objc; path = LARArticleWordInfo.m; sourceTree = "<group>"; };
		46DE797F1E938E060031CBC3 /* NSString+LARValidateEnglish.h */ = {isa = PBXFileReference; fileEncoding = 4; lastKnownFileType = sourcecode.c.h; path = "NSString+LARValidateEnglish.h"; sourceTree = "<group>"; };
		46DE79801E938E060031CBC3 /* NSString+LARValidateEnglish.m */ = {isa = PBXFileReference; fileEncoding = 4; lastKnownFileType = sourcecode.c.objc; path = "NSString+LARValidateEnglish.m"; sourceTree = "<group>"; };
		46F119301E8F49D8001CDE2B /* ShanbayHomework.app */ = {isa = PBXFileReference; explicitFileType = wrapper.application; includeInIndex = 0; path = ShanbayHomework.app; sourceTree = BUILT_PRODUCTS_DIR; };
		46F119341E8F49D8001CDE2B /* main.m */ = {isa = PBXFileReference; lastKnownFileType = sourcecode.c.objc; path = main.m; sourceTree = "<group>"; };
		46F119361E8F49D8001CDE2B /* AppDelegate.h */ = {isa = PBXFileReference; lastKnownFileType = sourcecode.c.h; path = AppDelegate.h; sourceTree = "<group>"; };
		46F119371E8F49D8001CDE2B /* AppDelegate.m */ = {isa = PBXFileReference; lastKnownFileType = sourcecode.c.objc; path = AppDelegate.m; sourceTree = "<group>"; };
		46F1193D1E8F49D8001CDE2B /* Base */ = {isa = PBXFileReference; lastKnownFileType = file.storyboard; name = Base; path = Base.lproj/Main.storyboard; sourceTree = "<group>"; };
		46F119401E8F49D8001CDE2B /* ShanbayHomework.xcdatamodel */ = {isa = PBXFileReference; lastKnownFileType = wrapper.xcdatamodel; path = ShanbayHomework.xcdatamodel; sourceTree = "<group>"; };
		46F119421E8F49D8001CDE2B /* Assets.xcassets */ = {isa = PBXFileReference; lastKnownFileType = folder.assetcatalog; path = Assets.xcassets; sourceTree = "<group>"; };
		46F119451E8F49D8001CDE2B /* Base */ = {isa = PBXFileReference; lastKnownFileType = file.storyboard; name = Base; path = Base.lproj/LaunchScreen.storyboard; sourceTree = "<group>"; };
		46F119471E8F49D8001CDE2B /* Info.plist */ = {isa = PBXFileReference; lastKnownFileType = text.plist.xml; path = Info.plist; sourceTree = "<group>"; };
		46F119511E8F52AE001CDE2B /* CoreData.framework */ = {isa = PBXFileReference; lastKnownFileType = wrapper.framework; name = CoreData.framework; path = System/Library/Frameworks/CoreData.framework; sourceTree = SDKROOT; };
		46F119541E8F54B3001CDE2B /* PrefixHeader.pch */ = {isa = PBXFileReference; fileEncoding = 4; lastKnownFileType = sourcecode.c.h; path = PrefixHeader.pch; sourceTree = "<group>"; };
		46F119551E8F5733001CDE2B /* libsqlite3.tbd */ = {isa = PBXFileReference; lastKnownFileType = "sourcecode.text-based-dylib-definition"; name = libsqlite3.tbd; path = usr/lib/libsqlite3.tbd; sourceTree = SDKROOT; };
		46F1195A1E8F62C9001CDE2B /* shanbay.sqlite */ = {isa = PBXFileReference; lastKnownFileType = file; path = shanbay.sqlite; sourceTree = "<group>"; };
		46F1199D1E8FB3E3001CDE2B /* LARArticleViewController.h */ = {isa = PBXFileReference; fileEncoding = 4; lastKnownFileType = sourcecode.c.h; name = LARArticleViewController.h; path = Controller/LARArticleViewController.h; sourceTree = "<group>"; };
		46F1199E1E8FB3E3001CDE2B /* LARArticleViewController.m */ = {isa = PBXFileReference; fileEncoding = 4; lastKnownFileType = sourcecode.c.objc; name = LARArticleViewController.m; path = Controller/LARArticleViewController.m; sourceTree = "<group>"; };
		46F119A41E8FB3E3001CDE2B /* ViewController.h */ = {isa = PBXFileReference; fileEncoding = 4; lastKnownFileType = sourcecode.c.h; name = ViewController.h; path = Controller/ViewController.h; sourceTree = "<group>"; };
		46F119A51E8FB3E3001CDE2B /* ViewController.m */ = {isa = PBXFileReference; fileEncoding = 4; lastKnownFileType = sourcecode.c.objc; name = ViewController.m; path = Controller/ViewController.m; sourceTree = "<group>"; };
		46F119AA1E8FB3E3001CDE2B /* LARNewWordsViewController.h */ = {isa = PBXFileReference; fileEncoding = 4; lastKnownFileType = sourcecode.c.h; name = LARNewWordsViewController.h; path = Controller/LARNewWordsViewController.h; sourceTree = "<group>"; };
		46F119AB1E8FB3E3001CDE2B /* LARNewWordsViewController.m */ = {isa = PBXFileReference; fileEncoding = 4; lastKnownFileType = sourcecode.c.objc; name = LARNewWordsViewController.m; path = Controller/LARNewWordsViewController.m; sourceTree = "<group>"; };
		46F119B21E8FB3E3001CDE2B /* LARDBManager.h */ = {isa = PBXFileReference; fileEncoding = 4; lastKnownFileType = sourcecode.c.h; path = LARDBManager.h; sourceTree = "<group>"; };
		46F119B31E8FB3E3001CDE2B /* LARDBManager.m */ = {isa = PBXFileReference; fileEncoding = 4; lastKnownFileType = sourcecode.c.objc; path = LARDBManager.m; sourceTree = "<group>"; };
		46F119B51E8FB3E3001CDE2B /* LARArticle.h */ = {isa = PBXFileReference; fileEncoding = 4; lastKnownFileType = sourcecode.c.h; path = LARArticle.h; sourceTree = "<group>"; };
		46F119B61E8FB3E3001CDE2B /* LARArticle.m */ = {isa = PBXFileReference; fileEncoding = 4; lastKnownFileType = sourcecode.c.objc; path = LARArticle.m; sourceTree = "<group>"; };
		46F119B71E8FB3E3001CDE2B /* LARArticleCount.h */ = {isa = PBXFileReference; fileEncoding = 4; lastKnownFileType = sourcecode.c.h; path = LARArticleCount.h; sourceTree = "<group>"; };
		46F119B81E8FB3E3001CDE2B /* LARArticleCount.m */ = {isa = PBXFileReference; fileEncoding = 4; lastKnownFileType = sourcecode.c.objc; path = LARArticleCount.m; sourceTree = "<group>"; };
		46F119BA1E8FB3E3001CDE2B /* LARTabBarViewController.h */ = {isa = PBXFileReference; fileEncoding = 4; lastKnownFileType = sourcecode.c.h; name = LARTabBarViewController.h; path = ../View/LARTabBarViewController.h; sourceTree = "<group>"; };
		46F119BB1E8FB3E3001CDE2B /* LARTabBarViewController.m */ = {isa = PBXFileReference; fileEncoding = 4; lastKnownFileType = sourcecode.c.objc; name = LARTabBarViewController.m; path = ../View/LARTabBarViewController.m; sourceTree = "<group>"; };
		46F119BE1E8FB3E3001CDE2B /* LARTranslationViewController.h */ = {isa = PBXFileReference; fileEncoding = 4; lastKnownFileType = sourcecode.c.h; name = LARTranslationViewController.h; path = Controller/LARTranslationViewController.h; sourceTree = "<group>"; };
		46F119BF1E8FB3E3001CDE2B /* LARTranslationViewController.m */ = {isa = PBXFileReference; fileEncoding = 4; lastKnownFileType = sourcecode.c.objc; name = LARTranslationViewController.m; path = Controller/LARTranslationViewController.m; sourceTree = "<group>"; };
		46F119CD1E8FB47D001CDE2B /* LARCTFrameParserConfig.h */ = {isa = PBXFileReference; fileEncoding = 4; lastKnownFileType = sourcecode.c.h; path = LARCTFrameParserConfig.h; sourceTree = "<group>"; };
		46F119CE1E8FB47D001CDE2B /* LARCTFrameParserConfig.m */ = {isa = PBXFileReference; fileEncoding = 4; lastKnownFileType = sourcecode.c.objc; path = LARCTFrameParserConfig.m; sourceTree = "<group>"; };
		46F119D01E8FB4A3001CDE2B /* LARCTFrameParser.h */ = {isa = PBXFileReference; fileEncoding = 4; lastKnownFileType = sourcecode.c.h; path = LARCTFrameParser.h; sourceTree = "<group>"; };
		46F119D11E8FB4A3001CDE2B /* LARCTFrameParser.m */ = {isa = PBXFileReference; fileEncoding = 4; lastKnownFileType = sourcecode.c.objc; path = LARCTFrameParser.m; sourceTree = "<group>"; };
		46F119D31E8FB4B1001CDE2B /* LARCoreTextData.h */ = {isa = PBXFileReference; fileEncoding = 4; lastKnownFileType = sourcecode.c.h; path = LARCoreTextData.h; sourceTree = "<group>"; };
		46F119D41E8FB4B1001CDE2B /* LARCoreTextData.m */ = {isa = PBXFileReference; fileEncoding = 4; lastKnownFileType = sourcecode.c.objc; path = LARCoreTextData.m; sourceTree = "<group>"; };
		46F119D61E8FB4C1001CDE2B /* LARCTDisplayView.h */ = {isa = PBXFileReference; fileEncoding = 4; lastKnownFileType = sourcecode.c.h; path = LARCTDisplayView.h; sourceTree = "<group>"; };
		46F119D71E8FB4C1001CDE2B /* LARCTDisplayView.m */ = {isa = PBXFileReference; fileEncoding = 4; lastKnownFileType = sourcecode.c.objc; path = LARCTDisplayView.m; sourceTree = "<group>"; };
		46F119DB1E8FB560001CDE2B /* UIView+LARFrame.h */ = {isa = PBXFileReference; fileEncoding = 4; lastKnownFileType = sourcecode.c.h; path = "UIView+LARFrame.h"; sourceTree = "<group>"; };
		46F119DC1E8FB560001CDE2B /* UIView+LARFrame.m */ = {isa = PBXFileReference; fileEncoding = 4; lastKnownFileType = sourcecode.c.objc; path = "UIView+LARFrame.m"; sourceTree = "<group>"; };
/* End PBXFileReference section */

/* Begin PBXFrameworksBuildPhase section */
		46F1192D1E8F49D7001CDE2B /* Frameworks */ = {
			isa = PBXFrameworksBuildPhase;
			buildActionMask = 2147483647;
			files = (
				4617F2601E90D00C005764C2 /* CoreText.framework in Frameworks */,
				46F119561E8F5733001CDE2B /* libsqlite3.tbd in Frameworks */,
				46F119521E8F52AE001CDE2B /* CoreData.framework in Frameworks */,
			);
			runOnlyForDeploymentPostprocessing = 0;
		};
/* End PBXFrameworksBuildPhase section */

/* Begin PBXGroup section */
		46DE79821E93BB780031CBC3 /* PopView */ = {
			isa = PBXGroup;
			children = (
				4652CFB51E94ADAC0047566A /* LARPopView.h */,
				4652CFB61E94ADAC0047566A /* LARPopView.m */,
				4652CFB81E94ADB30047566A /* LARPopView.xib */,
				4652CFBA1E94C1B40047566A /* LARPopConfig.h */,
				4652CFBB1E94C1B40047566A /* LARPopConfig.m */,
			);
			path = PopView;
			sourceTree = "<group>";
		};
		46F119271E8F49D7001CDE2B = {
			isa = PBXGroup;
			children = (
				46F119321E8F49D8001CDE2B /* ShanbayHomework */,
				46F119311E8F49D8001CDE2B /* Products */,
				46F119501E8F52AE001CDE2B /* Frameworks */,
			);
			sourceTree = "<group>";
		};
		46F119311E8F49D8001CDE2B /* Products */ = {
			isa = PBXGroup;
			children = (
				46F119301E8F49D8001CDE2B /* ShanbayHomework.app */,
			);
			name = Products;
			sourceTree = "<group>";
		};
		46F119321E8F49D8001CDE2B /* ShanbayHomework */ = {
			isa = PBXGroup;
			children = (
				46F1199A1E8FB3E3001CDE2B /* Classes */,
				46F119331E8F49D8001CDE2B /* Supporting Files */,
			);
			path = ShanbayHomework;
			sourceTree = "<group>";
		};
		46F119331E8F49D8001CDE2B /* Supporting Files */ = {
			isa = PBXGroup;
			children = (
				46F1193F1E8F49D8001CDE2B /* ShanbayHomework.xcdatamodeld */,
				46F119471E8F49D8001CDE2B /* Info.plist */,
				46F119421E8F49D8001CDE2B /* Assets.xcassets */,
				46F1195A1E8F62C9001CDE2B /* shanbay.sqlite */,
				46F119441E8F49D8001CDE2B /* LaunchScreen.storyboard */,
				46F119361E8F49D8001CDE2B /* AppDelegate.h */,
				46F119371E8F49D8001CDE2B /* AppDelegate.m */,
				46F119541E8F54B3001CDE2B /* PrefixHeader.pch */,
				46F119341E8F49D8001CDE2B /* main.m */,
			);
			name = "Supporting Files";
			sourceTree = "<group>";
		};
		46F119501E8F52AE001CDE2B /* Frameworks */ = {
			isa = PBXGroup;
			children = (
				4617F25F1E90D00C005764C2 /* CoreText.framework */,
				46F119551E8F5733001CDE2B /* libsqlite3.tbd */,
				46F119511E8F52AE001CDE2B /* CoreData.framework */,
			);
			name = Frameworks;
			sourceTree = "<group>";
		};
		46F1199A1E8FB3E3001CDE2B /* Classes */ = {
			isa = PBXGroup;
			children = (
				46DE79821E93BB780031CBC3 /* PopView */,
				46F119BC1E8FB3E3001CDE2B /* TraslationView */,
				46F1199B1E8FB3E3001CDE2B /* ArticleView */,
				46F119A21E8FB3E3001CDE2B /* MainView */,
				46F119A81E8FB3E3001CDE2B /* NewWordsView */,
				46F119AE1E8FB3E3001CDE2B /* Other */,
			);
			path = Classes;
			sourceTree = "<group>";
		};
		46F1199B1E8FB3E3001CDE2B /* ArticleView */ = {
			isa = PBXGroup;
			children = (
				46F1199D1E8FB3E3001CDE2B /* LARArticleViewController.h */,
				46F1199E1E8FB3E3001CDE2B /* LARArticleViewController.m */,
			);
			path = ArticleView;
			sourceTree = "<group>";
		};
		46F119A21E8FB3E3001CDE2B /* MainView */ = {
			isa = PBXGroup;
			children = (
				46F119A41E8FB3E3001CDE2B /* ViewController.h */,
				46F119A51E8FB3E3001CDE2B /* ViewController.m */,
				46F1193C1E8F49D8001CDE2B /* Main.storyboard */,
			);
			path = MainView;
			sourceTree = "<group>";
		};
		46F119A81E8FB3E3001CDE2B /* NewWordsView */ = {
			isa = PBXGroup;
			children = (
				46F119AA1E8FB3E3001CDE2B /* LARNewWordsViewController.h */,
				46F119AB1E8FB3E3001CDE2B /* LARNewWordsViewController.m */,
			);
			path = NewWordsView;
			sourceTree = "<group>";
		};
		46F119AE1E8FB3E3001CDE2B /* Other */ = {
			isa = PBXGroup;
			children = (
				46F119D91E8FB4E0001CDE2B /* Other */,
				46F119AF1E8FB3E3001CDE2B /* Controller */,
				46F119B01E8FB3E3001CDE2B /* CoreTextEngine */,
				46F119B11E8FB3E3001CDE2B /* DBManager */,
				46F119B41E8FB3E3001CDE2B /* Model */,
			);
			path = Other;
			sourceTree = "<group>";
		};
		46F119AF1E8FB3E3001CDE2B /* Controller */ = {
			isa = PBXGroup;
			children = (
				46F119BA1E8FB3E3001CDE2B /* LARTabBarViewController.h */,
				46F119BB1E8FB3E3001CDE2B /* LARTabBarViewController.m */,
				4652CFC01E9519940047566A /* LARNavigationController.h */,
				4652CFC11E9519940047566A /* LARNavigationController.m */,
			);
			path = Controller;
			sourceTree = "<group>";
		};
		46F119B01E8FB3E3001CDE2B /* CoreTextEngine */ = {
			isa = PBXGroup;
			children = (
				46F119CD1E8FB47D001CDE2B /* LARCTFrameParserConfig.h */,
				46F119CE1E8FB47D001CDE2B /* LARCTFrameParserConfig.m */,
				46F119D01E8FB4A3001CDE2B /* LARCTFrameParser.h */,
				46F119D11E8FB4A3001CDE2B /* LARCTFrameParser.m */,
				46F119D31E8FB4B1001CDE2B /* LARCoreTextData.h */,
				46F119D41E8FB4B1001CDE2B /* LARCoreTextData.m */,
				46F119D61E8FB4C1001CDE2B /* LARCTDisplayView.h */,
				46F119D71E8FB4C1001CDE2B /* LARCTDisplayView.m */,
			);
			path = CoreTextEngine;
			sourceTree = "<group>";
		};
		46F119B11E8FB3E3001CDE2B /* DBManager */ = {
			isa = PBXGroup;
			children = (
				46F119B21E8FB3E3001CDE2B /* LARDBManager.h */,
				46F119B31E8FB3E3001CDE2B /* LARDBManager.m */,
			);
			path = DBManager;
			sourceTree = "<group>";
		};
		46F119B41E8FB3E3001CDE2B /* Model */ = {
			isa = PBXGroup;
			children = (
				46F119B51E8FB3E3001CDE2B /* LARArticle.h */,
				46F119B61E8FB3E3001CDE2B /* LARArticle.m */,
				46F119B71E8FB3E3001CDE2B /* LARArticleCount.h */,
				46F119B81E8FB3E3001CDE2B /* LARArticleCount.m */,
				46A019A71E922F080063C393 /* LARAllWords.h */,
				46A019A81E922F080063C393 /* LARAllWords.m */,
				46A019AA1E922F320063C393 /* LARWord.h */,
				46A019AB1E922F320063C393 /* LARWord.m */,
				46DE79761E934AF50031CBC3 /* LARArticleWordInfo.h */,
				46DE79771E934AF50031CBC3 /* LARArticleWordInfo.m */,
			);
			path = Model;
			sourceTree = "<group>";
		};
		46F119BC1E8FB3E3001CDE2B /* TraslationView */ = {
			isa = PBXGroup;
			children = (
				46F119BE1E8FB3E3001CDE2B /* LARTranslationViewController.h */,
				46F119BF1E8FB3E3001CDE2B /* LARTranslationViewController.m */,
			);
			path = TraslationView;
			sourceTree = "<group>";
		};
		46F119D91E8FB4E0001CDE2B /* Other */ = {
			isa = PBXGroup;
			children = (
				46DE79731E9321FC0031CBC3 /* UIBarButtonItem+LARBarItem.h */,
				46DE79741E9321FC0031CBC3 /* UIBarButtonItem+LARBarItem.m */,
				46F119DB1E8FB560001CDE2B /* UIView+LARFrame.h */,
				46F119DC1E8FB560001CDE2B /* UIView+LARFrame.m */,
				46DE797F1E938E060031CBC3 /* NSString+LARValidateEnglish.h */,
				46DE79801E938E060031CBC3 /* NSString+LARValidateEnglish.m */,
			);
			path = Other;
			sourceTree = "<group>";
		};
/* End PBXGroup section */

/* Begin PBXNativeTarget section */
		46F1192F1E8F49D7001CDE2B /* ShanbayHomework */ = {
			isa = PBXNativeTarget;
			buildConfigurationList = 46F1194A1E8F49D8001CDE2B /* Build configuration list for PBXNativeTarget "ShanbayHomework" */;
			buildPhases = (
				46F1192C1E8F49D7001CDE2B /* Sources */,
				46F1192D1E8F49D7001CDE2B /* Frameworks */,
				46F1192E1E8F49D7001CDE2B /* Resources */,
			);
			buildRules = (
			);
			dependencies = (
			);
			name = ShanbayHomework;
			productName = ShanbayHomework;
			productReference = 46F119301E8F49D8001CDE2B /* ShanbayHomework.app */;
			productType = "com.apple.product-type.application";
		};
/* End PBXNativeTarget section */

/* Begin PBXProject section */
		46F119281E8F49D7001CDE2B /* Project object */ = {
			isa = PBXProject;
			attributes = {
				CLASSPREFIX = LAR;
				LastUpgradeCheck = 0820;
				ORGANIZATIONNAME = "柳钰柯";
				TargetAttributes = {
					46F1192F1E8F49D7001CDE2B = {
						CreatedOnToolsVersion = 8.2.1;
						DevelopmentTeam = 2TGP4UWJ45;
						ProvisioningStyle = Automatic;
					};
				};
			};
			buildConfigurationList = 46F1192B1E8F49D7001CDE2B /* Build configuration list for PBXProject "ShanbayHomework" */;
			compatibilityVersion = "Xcode 3.2";
			developmentRegion = English;
			hasScannedForEncodings = 0;
			knownRegions = (
				en,
				Base,
			);
			mainGroup = 46F119271E8F49D7001CDE2B;
			productRefGroup = 46F119311E8F49D8001CDE2B /* Products */;
			projectDirPath = "";
			projectRoot = "";
			targets = (
				46F1192F1E8F49D7001CDE2B /* ShanbayHomework */,
			);
		};
/* End PBXProject section */

/* Begin PBXResourcesBuildPhase section */
		46F1192E1E8F49D7001CDE2B /* Resources */ = {
			isa = PBXResourcesBuildPhase;
			buildActionMask = 2147483647;
			files = (
				46F1195B1E8F62C9001CDE2B /* shanbay.sqlite in Resources */,
				4652CFB91E94ADB30047566A /* LARPopView.xib in Resources */,
				46F119461E8F49D8001CDE2B /* LaunchScreen.storyboard in Resources */,
				46F119431E8F49D8001CDE2B /* Assets.xcassets in Resources */,
				46F1193E1E8F49D8001CDE2B /* Main.storyboard in Resources */,
			);
			runOnlyForDeploymentPostprocessing = 0;
		};
/* End PBXResourcesBuildPhase section */

/* Begin PBXSourcesBuildPhase section */
		46F1192C1E8F49D7001CDE2B /* Sources */ = {
			isa = PBXSourcesBuildPhase;
			buildActionMask = 2147483647;
			files = (
				46F119CB1E8FB3E3001CDE2B /* LARTranslationViewController.m in Sources */,
				46F119381E8F49D8001CDE2B /* AppDelegate.m in Sources */,
				46DE79811E938E060031CBC3 /* NSString+LARValidateEnglish.m in Sources */,
				46F119C61E8FB3E3001CDE2B /* LARNewWordsViewController.m in Sources */,
				46F119C81E8FB3E3001CDE2B /* LARArticle.m in Sources */,
				46F119C71E8FB3E3001CDE2B /* LARDBManager.m in Sources */,
				46F119D21E8FB4A3001CDE2B /* LARCTFrameParser.m in Sources */,
				46A019A91E922F080063C393 /* LARAllWords.m in Sources */,
				46A019AC1E922F320063C393 /* LARWord.m in Sources */,
				46F119411E8F49D8001CDE2B /* ShanbayHomework.xcdatamodeld in Sources */,
				4652CFB71E94ADAC0047566A /* LARPopView.m in Sources */,
				4652CFBC1E94C1B40047566A /* LARPopConfig.m in Sources */,
				46F119351E8F49D8001CDE2B /* main.m in Sources */,
				46F119CF1E8FB47D001CDE2B /* LARCTFrameParserConfig.m in Sources */,
				46DE79751E9321FC0031CBC3 /* UIBarButtonItem+LARBarItem.m in Sources */,
				4652CFC21E9519940047566A /* LARNavigationController.m in Sources */,
				46F119CA1E8FB3E3001CDE2B /* LARTabBarViewController.m in Sources */,
				46F119DD1E8FB560001CDE2B /* UIView+LARFrame.m in Sources */,
				46F119C31E8FB3E3001CDE2B /* LARArticleViewController.m in Sources */,
				46F119D81E8FB4C1001CDE2B /* LARCTDisplayView.m in Sources */,
				46F119D51E8FB4B1001CDE2B /* LARCoreTextData.m in Sources */,
				46F119C91E8FB3E3001CDE2B /* LARArticleCount.m in Sources */,
				46DE79781E934AF50031CBC3 /* LARArticleWordInfo.m in Sources */,
				46F119C51E8FB3E3001CDE2B /* ViewController.m in Sources */,
			);
			runOnlyForDeploymentPostprocessing = 0;
		};
/* End PBXSourcesBuildPhase section */

/* Begin PBXVariantGroup section */
		46F1193C1E8F49D8001CDE2B /* Main.storyboard */ = {
			isa = PBXVariantGroup;
			children = (
				46F1193D1E8F49D8001CDE2B /* Base */,
			);
			name = Main.storyboard;
			path = ../..;
			sourceTree = "<group>";
		};
		46F119441E8F49D8001CDE2B /* LaunchScreen.storyboard */ = {
			isa = PBXVariantGroup;
			children = (
				46F119451E8F49D8001CDE2B /* Base */,
			);
			name = LaunchScreen.storyboard;
			sourceTree = "<group>";
		};
/* End PBXVariantGroup section */

/* Begin XCBuildConfiguration section */
		46F119481E8F49D8001CDE2B /* Debug */ = {
			isa = XCBuildConfiguration;
			buildSettings = {
				ALWAYS_SEARCH_USER_PATHS = NO;
				CLANG_ANALYZER_NONNULL = YES;
				CLANG_CXX_LANGUAGE_STANDARD = "gnu++0x";
				CLANG_CXX_LIBRARY = "libc++";
				CLANG_ENABLE_MODULES = YES;
				CLANG_ENABLE_OBJC_ARC = YES;
				CLANG_WARN_BOOL_CONVERSION = YES;
				CLANG_WARN_CONSTANT_CONVERSION = YES;
				CLANG_WARN_DIRECT_OBJC_ISA_USAGE = YES_ERROR;
				CLANG_WARN_DOCUMENTATION_COMMENTS = YES;
				CLANG_WARN_EMPTY_BODY = YES;
				CLANG_WARN_ENUM_CONVERSION = YES;
				CLANG_WARN_INFINITE_RECURSION = YES;
				CLANG_WARN_INT_CONVERSION = YES;
				CLANG_WARN_OBJC_ROOT_CLASS = YES_ERROR;
				CLANG_WARN_SUSPICIOUS_MOVE = YES;
				CLANG_WARN_UNREACHABLE_CODE = YES;
				CLANG_WARN__DUPLICATE_METHOD_MATCH = YES;
				"CODE_SIGN_IDENTITY[sdk=iphoneos*]" = "iPhone Developer";
				COPY_PHASE_STRIP = NO;
				DEBUG_INFORMATION_FORMAT = dwarf;
				ENABLE_STRICT_OBJC_MSGSEND = YES;
				ENABLE_TESTABILITY = YES;
				GCC_C_LANGUAGE_STANDARD = gnu99;
				GCC_DYNAMIC_NO_PIC = NO;
				GCC_NO_COMMON_BLOCKS = YES;
				GCC_OPTIMIZATION_LEVEL = 0;
				GCC_PREPROCESSOR_DEFINITIONS = (
					"DEBUG=1",
					"$(inherited)",
				);
				GCC_WARN_64_TO_32_BIT_CONVERSION = YES;
				GCC_WARN_ABOUT_RETURN_TYPE = YES_ERROR;
				GCC_WARN_UNDECLARED_SELECTOR = YES;
				GCC_WARN_UNINITIALIZED_AUTOS = YES_AGGRESSIVE;
				GCC_WARN_UNUSED_FUNCTION = YES;
				GCC_WARN_UNUSED_VARIABLE = YES;
				IPHONEOS_DEPLOYMENT_TARGET = 10.2;
				MTL_ENABLE_DEBUG_INFO = YES;
				ONLY_ACTIVE_ARCH = YES;
				SDKROOT = iphoneos;
			};
			name = Debug;
		};
		46F119491E8F49D8001CDE2B /* Release */ = {
			isa = XCBuildConfiguration;
			buildSettings = {
				ALWAYS_SEARCH_USER_PATHS = NO;
				CLANG_ANALYZER_NONNULL = YES;
				CLANG_CXX_LANGUAGE_STANDARD = "gnu++0x";
				CLANG_CXX_LIBRARY = "libc++";
				CLANG_ENABLE_MODULES = YES;
				CLANG_ENABLE_OBJC_ARC = YES;
				CLANG_WARN_BOOL_CONVERSION = YES;
				CLANG_WARN_CONSTANT_CONVERSION = YES;
				CLANG_WARN_DIRECT_OBJC_ISA_USAGE = YES_ERROR;
				CLANG_WARN_DOCUMENTATION_COMMENTS = YES;
				CLANG_WARN_EMPTY_BODY = YES;
				CLANG_WARN_ENUM_CONVERSION = YES;
				CLANG_WARN_INFINITE_RECURSION = YES;
				CLANG_WARN_INT_CONVERSION = YES;
				CLANG_WARN_OBJC_ROOT_CLASS = YES_ERROR;
				CLANG_WARN_SUSPICIOUS_MOVE = YES;
				CLANG_WARN_UNREACHABLE_CODE = YES;
				CLANG_WARN__DUPLICATE_METHOD_MATCH = YES;
				"CODE_SIGN_IDENTITY[sdk=iphoneos*]" = "iPhone Developer";
				COPY_PHASE_STRIP = NO;
				DEBUG_INFORMATION_FORMAT = "dwarf-with-dsym";
				ENABLE_NS_ASSERTIONS = NO;
				ENABLE_STRICT_OBJC_MSGSEND = YES;
				GCC_C_LANGUAGE_STANDARD = gnu99;
				GCC_NO_COMMON_BLOCKS = YES;
				GCC_WARN_64_TO_32_BIT_CONVERSION = YES;
				GCC_WARN_ABOUT_RETURN_TYPE = YES_ERROR;
				GCC_WARN_UNDECLARED_SELECTOR = YES;
				GCC_WARN_UNINITIALIZED_AUTOS = YES_AGGRESSIVE;
				GCC_WARN_UNUSED_FUNCTION = YES;
				GCC_WARN_UNUSED_VARIABLE = YES;
				IPHONEOS_DEPLOYMENT_TARGET = 10.2;
				MTL_ENABLE_DEBUG_INFO = NO;
				SDKROOT = iphoneos;
				VALIDATE_PRODUCT = YES;
			};
			name = Release;
		};
		46F1194B1E8F49D8001CDE2B /* Debug */ = {
			isa = XCBuildConfiguration;
			buildSettings = {
				ASSETCATALOG_COMPILER_APPICON_NAME = AppIcon;
				DEVELOPMENT_TEAM = 2TGP4UWJ45;
				GCC_PRECOMPILE_PREFIX_HEADER = YES;
				GCC_PREFIX_HEADER = ShanbayHomework/PrefixHeader.pch;
				INFOPLIST_FILE = ShanbayHomework/Info.plist;
				IPHONEOS_DEPLOYMENT_TARGET = 9.3;
				LD_RUNPATH_SEARCH_PATHS = "$(inherited) @executable_path/Frameworks";
				PRODUCT_BUNDLE_IDENTIFIER = cc.Larrycode.ShanbayHomework;
				PRODUCT_NAME = "$(TARGET_NAME)";
			};
			name = Debug;
		};
		46F1194C1E8F49D8001CDE2B /* Release */ = {
			isa = XCBuildConfiguration;
			buildSettings = {
				ASSETCATALOG_COMPILER_APPICON_NAME = AppIcon;
				DEVELOPMENT_TEAM = 2TGP4UWJ45;
				GCC_PRECOMPILE_PREFIX_HEADER = YES;
				GCC_PREFIX_HEADER = ShanbayHomework/PrefixHeader.pch;
				INFOPLIST_FILE = ShanbayHomework/Info.plist;
				IPHONEOS_DEPLOYMENT_TARGET = 9.3;
				LD_RUNPATH_SEARCH_PATHS = "$(inherited) @executable_path/Frameworks";
				PRODUCT_BUNDLE_IDENTIFIER = cc.Larrycode.ShanbayHomework;
				PRODUCT_NAME = "$(TARGET_NAME)";
			};
			name = Release;
		};
/* End XCBuildConfiguration section */

/* Begin XCConfigurationList section */
		46F1192B1E8F49D7001CDE2B /* Build configuration list for PBXProject "ShanbayHomework" */ = {
			isa = XCConfigurationList;
			buildConfigurations = (
				46F119481E8F49D8001CDE2B /* Debug */,
				46F119491E8F49D8001CDE2B /* Release */,
			);
			defaultConfigurationIsVisible = 0;
			defaultConfigurationName = Release;
		};
		46F1194A1E8F49D8001CDE2B /* Build configuration list for PBXNativeTarget "ShanbayHomework" */ = {
			isa = XCConfigurationList;
			buildConfigurations = (
				46F1194B1E8F49D8001CDE2B /* Debug */,
				46F1194C1E8F49D8001CDE2B /* Release */,
			);
			defaultConfigurationIsVisible = 0;
			defaultConfigurationName = Release;
		};
/* End XCConfigurationList section */

/* Begin XCVersionGroup section */
		46F1193F1E8F49D8001CDE2B /* ShanbayHomework.xcdatamodeld */ = {
			isa = XCVersionGroup;
			children = (
				46F119401E8F49D8001CDE2B /* ShanbayHomework.xcdatamodel */,
			);
			currentVersion = 46F119401E8F49D8001CDE2B /* ShanbayHomework.xcdatamodel */;
			path = ShanbayHomework.xcdatamodeld;
			sourceTree = "<group>";
			versionGroupType = wrapper.xcdatamodel;
		};
/* End XCVersionGroup section */
	};
	rootObject = 46F119281E8F49D7001CDE2B /* Project object */;
}
